
Microsoft Visual Studio Solution File, Format Version 12.00
# Visual Studio Version 17
VisualStudioVersion = 17.5.33516.290
MinimumVisualStudioVersion = 10.0.40219.1
Project("{FAE04EC0-301F-11D3-BF4B-00C04F79EFBC}") = "Arkanoid", "Arcanoid\Arkanoid.csproj", "{EAB38996-84EF-4BF3-9867-90FFCA58926A}"
EndProject
Global
	GlobalSection(SolutionConfigurationPlatforms) = preSolution
		Debug|Any CPU = Debug|Any CPU
		Release|Any CPU = Release|Any CPU
	EndGlobalSection
	GlobalSection(ProjectConfigurationPlatforms) = postSolution
		{EAB38996-84EF-4BF3-9867-90FFCA58926A}.Debug|Any CPU.ActiveCfg = Debug|Any CPU
		{EAB38996-84EF-4BF3-9867-90FFCA58926A}.Debug|Any CPU.Build.0 = Debug|Any CPU
		{EAB38996-84EF-4BF3-9867-90FFCA58926A}.Release|Any CPU.ActiveCfg = Release|Any CPU
		{EAB38996-84EF-4BF3-9867-90FFCA58926A}.Release|Any CPU.Build.0 = Release|Any CPU
	EndGlobalSection
	GlobalSection(SolutionProperties) = preSolution
		HideSolutionNode = FALSE
	EndGlobalSection
	GlobalSection(ExtensibilityGlobals) = postSolution
		SolutionGuid = {08069026-6A46-4FBE-8961-E64D2BF484A6}
	EndGlobalSection
EndGlobal
